Microsoft Visual Studio Solution File, Format Version 12.00
# Visual Studio 2012
Project("{FAE04EC0-301F-11D3-BF4B-00C04F79EFBC}") = "diep", "diep.csproj", "{CAFA4BFF-3114-4FFE-84EB-E9A722356891}"
EndProject
Global
	GlobalSection(SolutionConfigurationPlatforms) = preSolution
	Debug|Any CPU = Debug|Any CPU
	ExportDebug|Any CPU = ExportDebug|Any CPU
	ExportRelease|Any CPU = ExportRelease|Any CPU
	EndGlobalSection
	GlobalSection(ProjectConfigurationPlatforms) = postSolution
		{CAFA4BFF-3114-4FFE-84EB-E9A722356891}.Debug|Any CPU.ActiveCfg = Debug|Any CPU
		{CAFA4BFF-3114-4FFE-84EB-E9A722356891}.Debug|Any CPU.Build.0 = Debug|Any CPU
		{CAFA4BFF-3114-4FFE-84EB-E9A722356891}.ExportDebug|Any CPU.ActiveCfg = ExportDebug|Any CPU
		{CAFA4BFF-3114-4FFE-84EB-E9A722356891}.ExportDebug|Any CPU.Build.0 = ExportDebug|Any CPU
		{CAFA4BFF-3114-4FFE-84EB-E9A722356891}.ExportRelease|Any CPU.ActiveCfg = ExportRelease|Any CPU
		{CAFA4BFF-3114-4FFE-84EB-E9A722356891}.ExportRelease|Any CPU.Build.0 = ExportRelease|Any CPU
	EndGlobalSection
EndGlobal
